// !$*UTF8*$!
{
	archiveVersion = 1;
	classes = {
	};
	objectVersion = 56;
	objects = {

/* Begin PBXBuildFile section */
		8B6A85499583E93D77C53C10 /* Pods_googleBooksTests.framework in Frameworks */ = {isa = PBXBuildFile; fileRef = 382FBE9DE3B34C33EC60C609 /* Pods_googleBooksTests.framework */; };
		92592138EEB083B7CADD217C /* Pods_googleBooks_googleBooksUITests.framework in Frameworks */ = {isa = PBXBuildFile; fileRef = A70C594D2E9CE5A1C6A259AB /* Pods_googleBooks_googleBooksUITests.framework */; };
		B3CE44B657B8FB59E888898C /* Pods_googleBooks.framework in Frameworks */ = {isa = PBXBuildFile; fileRef = 15CA469496B1E8B37341833D /* Pods_googleBooks.framework */; };
		D33715902B95976D00792BE1 /* AutoLayoutKit.swift in Sources */ = {isa = PBXBuildFile; fileRef = D337158F2B95976D00792BE1 /* AutoLayoutKit.swift */; };
		D33715922B95978500792BE1 /* SafeLayoutManager.swift in Sources */ = {isa = PBXBuildFile; fileRef = D33715912B95978500792BE1 /* SafeLayoutManager.swift */; };
		D33715952B95A76200792BE1 /* MakeUIViewKit.swift in Sources */ = {isa = PBXBuildFile; fileRef = D33715942B95A76200792BE1 /* MakeUIViewKit.swift */; };
		D33715972B95A77700792BE1 /* MakeUILabelKit.swift in Sources */ = {isa = PBXBuildFile; fileRef = D33715962B95A77700792BE1 /* MakeUILabelKit.swift */; };
		D33715992B95A79000792BE1 /* MakeUITextViewKit.swift in Sources */ = {isa = PBXBuildFile; fileRef = D33715982B95A79000792BE1 /* MakeUITextViewKit.swift */; };
		D337159B2B95A7B600792BE1 /* Extensions.swift in Sources */ = {isa = PBXBuildFile; fileRef = D337159A2B95A7B600792BE1 /* Extensions.swift */; };
		D337159D2B95A80B00792BE1 /* MakeUIButtonKit.swift in Sources */ = {isa = PBXBuildFile; fileRef = D337159C2B95A80B00792BE1 /* MakeUIButtonKit.swift */; };
		D33715A22B95AD2B00792BE1 /* MakeUITableViewKit.swift in Sources */ = {isa = PBXBuildFile; fileRef = D33715A12B95AD2B00792BE1 /* MakeUITableViewKit.swift */; };
		D33715A62B95ADD300792BE1 /* SearchListCell.swift in Sources */ = {isa = PBXBuildFile; fileRef = D33715A52B95ADD300792BE1 /* SearchListCell.swift */; };
		D33715A82B95BA7900792BE1 /* MakeUIImageViewKit.swift in Sources */ = {isa = PBXBuildFile; fileRef = D33715A72B95BA7900792BE1 /* MakeUIImageViewKit.swift */; };
		D33715AA2B95BE7800792BE1 /* TabMenuButton.swift in Sources */ = {isa = PBXBuildFile; fileRef = D33715A92B95BE7800792BE1 /* TabMenuButton.swift */; };
		DE6392AC2B934A0600650C5E /* BaseView.swift in Sources */ = {isa = PBXBuildFile; fileRef = DE6392AB2B934A0600650C5E /* BaseView.swift */; };
		DE6392B02B93772F00650C5E /* Documentation.docc in Sources */ = {isa = PBXBuildFile; fileRef = DE6392AF2B93772F00650C5E /* Documentation.docc */; };
		DE6392B42B93780500650C5E /* AboutHttp.swift in Sources */ = {isa = PBXBuildFile; fileRef = DE6392B32B93780500650C5E /* AboutHttp.swift */; };
		DE6392B62B93781E00650C5E /* TypeManager.swift in Sources */ = {isa = PBXBuildFile; fileRef = DE6392B52B93781E00650C5E /* TypeManager.swift */; };
		DE6392B82B9378DC00650C5E /* CommonItem.swift in Sources */ = {isa = PBXBuildFile; fileRef = DE6392B72B9378DC00650C5E /* CommonItem.swift */; };
		DE6392BA2B93793800650C5E /* ToolManager.swift in Sources */ = {isa = PBXBuildFile; fileRef = DE6392B92B93793800650C5E /* ToolManager.swift */; };
		DE77D2AE2B934732003147A5 /* AppDelegate.swift in Sources */ = {isa = PBXBuildFile; fileRef = DE77D2AD2B934732003147A5 /* AppDelegate.swift */; };
		DE77D2B22B934732003147A5 /* SearchView.swift in Sources */ = {isa = PBXBuildFile; fileRef = DE77D2B12B934732003147A5 /* SearchView.swift */; };
		DE77D2B52B934732003147A5 /* Main.storyboard in Resources */ = {isa = PBXBuildFile; fileRef = DE77D2B32B934732003147A5 /* Main.storyboard */; };
		DE77D2B72B934734003147A5 /* Assets.xcassets in Resources */ = {isa = PBXBuildFile; fileRef = DE77D2B62B934734003147A5 /* Assets.xcassets */; };
		DE77D2BA2B934734003147A5 /* LaunchScreen.storyboard in Resources */ = {isa = PBXBuildFile; fileRef = DE77D2B82B934734003147A5 /* LaunchScreen.storyboard */; };
		DE77D2C52B934734003147A5 /* googleBooksTests.swift in Sources */ = {isa = PBXBuildFile; fileRef = DE77D2C42B934734003147A5 /* googleBooksTests.swift */; };
		DE77D2CF2B934734003147A5 /* googleBooksUITests.swift in Sources */ = {isa = PBXBuildFile; fileRef = DE77D2CE2B934734003147A5 /* googleBooksUITests.swift */; };
		DE77D2D12B934734003147A5 /* googleBooksUITestsLaunchTests.swift in Sources */ = {isa = PBXBuildFile; fileRef = DE77D2D02B934734003147A5 /* googleBooksUITestsLaunchTests.swift */; };
		DE97566D2B96189E009EF5D6 /* SearchAudioCell.swift in Sources */ = {isa = PBXBuildFile; fileRef = DE97566C2B96189E009EF5D6 /* SearchAudioCell.swift */; };
/* End PBXBuildFile section */

/* Begin PBXContainerItemProxy section */
		DE77D2C12B934734003147A5 /* PBXContainerItemProxy */ = {
			isa = PBXContainerItemProxy;
			containerPortal = DE77D2A22B934732003147A5 /* Project object */;
			proxyType = 1;
			remoteGlobalIDString = DE77D2A92B934732003147A5;
			remoteInfo = googleBooks;
		};
		DE77D2CB2B934734003147A5 /* PBXContainerItemProxy */ = {
			isa = PBXContainerItemProxy;
			containerPortal = DE77D2A22B934732003147A5 /* Project object */;
			proxyType = 1;
			remoteGlobalIDString = DE77D2A92B934732003147A5;
			remoteInfo = googleBooks;
		};
/* End PBXContainerItemProxy section */

/* Begin PBXFileReference section */
		086A7E78E109223A4A3463FA /* Pods-googleBooks.debug.xcconfig */ = {isa = PBXFileReference; includeInIndex = 1; lastKnownFileType = text.xcconfig; name = "Pods-googleBooks.debug.xcconfig"; path = "Target Support Files/Pods-googleBooks/Pods-googleBooks.debug.xcconfig"; sourceTree = "<group>"; };
		0FA31EF5EB68B86AB57408D8 /* Pods-googleBooks-googleBooksUITests.release.xcconfig */ = {isa = PBXFileReference; includeInIndex = 1; lastKnownFileType = text.xcconfig; name = "Pods-googleBooks-googleBooksUITests.release.xcconfig"; path = "Target Support Files/Pods-googleBooks-googleBooksUITests/Pods-googleBooks-googleBooksUITests.release.xcconfig"; sourceTree = "<group>"; };
		15CA469496B1E8B37341833D /* Pods_googleBooks.framework */ = {isa = PBXFileReference; explicitFileType = wrapper.framework; includeInIndex = 0; path = Pods_googleBooks.framework; sourceTree = BUILT_PRODUCTS_DIR; };
		382FBE9DE3B34C33EC60C609 /* Pods_googleBooksTests.framework */ = {isa = PBXFileReference; explicitFileType = wrapper.framework; includeInIndex = 0; path = Pods_googleBooksTests.framework; sourceTree = BUILT_PRODUCTS_DIR; };
		50E93C4A6514911353B2E691 /* Pods-googleBooks.release.xcconfig */ = {isa = PBXFileReference; includeInIndex = 1; lastKnownFileType = text.xcconfig; name = "Pods-googleBooks.release.xcconfig"; path = "Target Support Files/Pods-googleBooks/Pods-googleBooks.release.xcconfig"; sourceTree = "<group>"; };
		57C597CDEA239ADBC9DE50D7 /* Pods-googleBooksTests.debug.xcconfig */ = {isa = PBXFileReference; includeInIndex = 1; lastKnownFileType = text.xcconfig; name = "Pods-googleBooksTests.debug.xcconfig"; path = "Target Support Files/Pods-googleBooksTests/Pods-googleBooksTests.debug.xcconfig"; sourceTree = "<group>"; };
		A70C594D2E9CE5A1C6A259AB /* Pods_googleBooks_googleBooksUITests.framework */ = {isa = PBXFileReference; explicitFileType = wrapper.framework; includeInIndex = 0; path = Pods_googleBooks_googleBooksUITests.framework; sourceTree = BUILT_PRODUCTS_DIR; };
		B5E1799E0F52FA8C72F04AC1 /* Pods-googleBooks-googleBooksUITests.debug.xcconfig */ = {isa = PBXFileReference; includeInIndex = 1; lastKnownFileType = text.xcconfig; name = "Pods-googleBooks-googleBooksUITests.debug.xcconfig"; path = "Target Support Files/Pods-googleBooks-googleBooksUITests/Pods-googleBooks-googleBooksUITests.debug.xcconfig"; sourceTree = "<group>"; };
		C97624D2B52E63F30493767D /* Pods-googleBooksTests.release.xcconfig */ = {isa = PBXFileReference; includeInIndex = 1; lastKnownFileType = text.xcconfig; name = "Pods-googleBooksTests.release.xcconfig"; path = "Target Support Files/Pods-googleBooksTests/Pods-googleBooksTests.release.xcconfig"; sourceTree = "<group>"; };
		D337158F2B95976D00792BE1 /* AutoLayoutKit.swift */ = {isa = PBXFileReference; lastKnownFileType = sourcecode.swift; path = AutoLayoutKit.swift; sourceTree = "<group>"; };
		D33715912B95978500792BE1 /* SafeLayoutManager.swift */ = {isa = PBXFileReference; lastKnownFileType = sourcecode.swift; path = SafeLayoutManager.swift; sourceTree = "<group>"; };
		D33715942B95A76200792BE1 /* MakeUIViewKit.swift */ = {isa = PBXFileReference; lastKnownFileType = sourcecode.swift; path = MakeUIViewKit.swift; sourceTree = "<group>"; };
		D33715962B95A77700792BE1 /* MakeUILabelKit.swift */ = {isa = PBXFileReference; lastKnownFileType = sourcecode.swift; path = MakeUILabelKit.swift; sourceTree = "<group>"; };
		D33715982B95A79000792BE1 /* MakeUITextViewKit.swift */ = {isa = PBXFileReference; lastKnownFileType = sourcecode.swift; path = MakeUITextViewKit.swift; sourceTree = "<group>"; };
		D337159A2B95A7B600792BE1 /* Extensions.swift */ = {isa = PBXFileReference; lastKnownFileType = sourcecode.swift; path = Extensions.swift; sourceTree = "<group>"; };
		D337159C2B95A80B00792BE1 /* MakeUIButtonKit.swift */ = {isa = PBXFileReference; lastKnownFileType = sourcecode.swift; path = MakeUIButtonKit.swift; sourceTree = "<group>"; };
		D33715A12B95AD2B00792BE1 /* MakeUITableViewKit.swift */ = {isa = PBXFileReference; lastKnownFileType = sourcecode.swift; path = MakeUITableViewKit.swift; sourceTree = "<group>"; };
		D33715A52B95ADD300792BE1 /* SearchListCell.swift */ = {isa = PBXFileReference; lastKnownFileType = sourcecode.swift; path = SearchListCell.swift; sourceTree = "<group>"; };
		D33715A72B95BA7900792BE1 /* MakeUIImageViewKit.swift */ = {isa = PBXFileReference; lastKnownFileType = sourcecode.swift; path = MakeUIImageViewKit.swift; sourceTree = "<group>"; };
		D33715A92B95BE7800792BE1 /* TabMenuButton.swift */ = {isa = PBXFileReference; lastKnownFileType = sourcecode.swift; path = TabMenuButton.swift; sourceTree = "<group>"; };
		DE6392AB2B934A0600650C5E /* BaseView.swift */ = {isa = PBXFileReference; lastKnownFileType = sourcecode.swift; path = BaseView.swift; sourceTree = "<group>"; };
		DE6392AF2B93772F00650C5E /* Documentation.docc */ = {isa = PBXFileReference; lastKnownFileType = folder.documentationcatalog; name = Documentation.docc; path = googleBooks/Documentation.docc; sourceTree = SOURCE_ROOT; };
		DE6392B32B93780500650C5E /* AboutHttp.swift */ = {isa = PBXFileReference; lastKnownFileType = sourcecode.swift; path = AboutHttp.swift; sourceTree = "<group>"; };
		DE6392B52B93781E00650C5E /* TypeManager.swift */ = {isa = PBXFileReference; lastKnownFileType = sourcecode.swift; path = TypeManager.swift; sourceTree = "<group>"; };
		DE6392B72B9378DC00650C5E /* CommonItem.swift */ = {isa = PBXFileReference; lastKnownFileType = sourcecode.swift; path = CommonItem.swift; sourceTree = "<group>"; };
		DE6392B92B93793800650C5E /* ToolManager.swift */ = {isa = PBXFileReference; lastKnownFileType = sourcecode.swift; path = ToolManager.swift; sourceTree = "<group>"; };
		DE77D2AA2B934732003147A5 /* googleBooks.app */ = {isa = PBXFileReference; explicitFileType = wrapper.application; includeInIndex = 0; path = googleBooks.app; sourceTree = BUILT_PRODUCTS_DIR; };
		DE77D2AD2B934732003147A5 /* AppDelegate.swift */ = {isa = PBXFileReference; lastKnownFileType = sourcecode.swift; path = AppDelegate.swift; sourceTree = "<group>"; };
		DE77D2B12B934732003147A5 /* SearchView.swift */ = {isa = PBXFileReference; lastKnownFileType = sourcecode.swift; path = SearchView.swift; sourceTree = "<group>"; };
		DE77D2B42B934732003147A5 /* Base */ = {isa = PBXFileReference; lastKnownFileType = file.storyboard; name = Base; path = Base.lproj/Main.storyboard; sourceTree = "<group>"; };
		DE77D2B62B934734003147A5 /* Assets.xcassets */ = {isa = PBXFileReference; lastKnownFileType = folder.assetcatalog; path = Assets.xcassets; sourceTree = "<group>"; };
		DE77D2B92B934734003147A5 /* Base */ = {isa = PBXFileReference; lastKnownFileType = file.storyboard; name = Base; path = Base.lproj/LaunchScreen.storyboard; sourceTree = "<group>"; };
		DE77D2BB2B934734003147A5 /* Info.plist */ = {isa = PBXFileReference; lastKnownFileType = text.plist.xml; path = Info.plist; sourceTree = "<group>"; };
		DE77D2C02B934734003147A5 /* googleBooksTests.xctest */ = {isa = PBXFileReference; explicitFileType = wrapper.cfbundle; includeInIndex = 0; path = googleBooksTests.xctest; sourceTree = BUILT_PRODUCTS_DIR; };
		DE77D2C42B934734003147A5 /* googleBooksTests.swift */ = {isa = PBXFileReference; lastKnownFileType = sourcecode.swift; path = googleBooksTests.swift; sourceTree = "<group>"; };
		DE77D2CA2B934734003147A5 /* googleBooksUITests.xctest */ = {isa = PBXFileReference; explicitFileType = wrapper.cfbundle; includeInIndex = 0; path = googleBooksUITests.xctest; sourceTree = BUILT_PRODUCTS_DIR; };
		DE77D2CE2B934734003147A5 /* googleBooksUITests.swift */ = {isa = PBXFileReference; lastKnownFileType = sourcecode.swift; path = googleBooksUITests.swift; sourceTree = "<group>"; };
		DE77D2D02B934734003147A5 /* googleBooksUITestsLaunchTests.swift */ = {isa = PBXFileReference; lastKnownFileType = sourcecode.swift; path = googleBooksUITestsLaunchTests.swift; sourceTree = "<group>"; };
		DE97566C2B96189E009EF5D6 /* SearchAudioCell.swift */ = {isa = PBXFileReference; lastKnownFileType = sourcecode.swift; path = SearchAudioCell.swift; sourceTree = "<group>"; };
/* End PBXFileReference section */

/* Begin PBXFrameworksBuildPhase section */
		DE77D2A72B934732003147A5 /* Frameworks */ = {
			isa = PBXFrameworksBuildPhase;
			buildActionMask = 2147483647;
			files = (
				B3CE44B657B8FB59E888898C /* Pods_googleBooks.framework in Frameworks */,
			);
			runOnlyForDeploymentPostprocessing = 0;
		};
		DE77D2BD2B934734003147A5 /* Frameworks */ = {
			isa = PBXFrameworksBuildPhase;
			buildActionMask = 2147483647;
			files = (
				8B6A85499583E93D77C53C10 /* Pods_googleBooksTests.framework in Frameworks */,
			);
			runOnlyForDeploymentPostprocessing = 0;
		};
		DE77D2C72B934734003147A5 /* Frameworks */ = {
			isa = PBXFrameworksBuildPhase;
			buildActionMask = 2147483647;
			files = (
				92592138EEB083B7CADD217C /* Pods_googleBooks_googleBooksUITests.framework in Frameworks */,
			);
			runOnlyForDeploymentPostprocessing = 0;
		};
/* End PBXFrameworksBuildPhase section */

/* Begin PBXGroup section */
		0E717B9083DEA542D7DC3D8F /* Frameworks */ = {
			isa = PBXGroup;
			children = (
				15CA469496B1E8B37341833D /* Pods_googleBooks.framework */,
				A70C594D2E9CE5A1C6A259AB /* Pods_googleBooks_googleBooksUITests.framework */,
				382FBE9DE3B34C33EC60C609 /* Pods_googleBooksTests.framework */,
			);
			name = Frameworks;
			sourceTree = "<group>";
		};
		D337158E2B95971700792BE1 /* makeUIKit */ = {
			isa = PBXGroup;
			children = (
				D33715932B95A75200792BE1 /* UI */,
				D337158F2B95976D00792BE1 /* AutoLayoutKit.swift */,
				D33715912B95978500792BE1 /* SafeLayoutManager.swift */,
			);
			path = makeUIKit;
			sourceTree = "<group>";
		};
		D33715932B95A75200792BE1 /* UI */ = {
			isa = PBXGroup;
			children = (
				D33715942B95A76200792BE1 /* MakeUIViewKit.swift */,
				D33715962B95A77700792BE1 /* MakeUILabelKit.swift */,
				D33715982B95A79000792BE1 /* MakeUITextViewKit.swift */,
				D337159C2B95A80B00792BE1 /* MakeUIButtonKit.swift */,
				D33715A12B95AD2B00792BE1 /* MakeUITableViewKit.swift */,
				D33715A72B95BA7900792BE1 /* MakeUIImageViewKit.swift */,
			);
			path = UI;
			sourceTree = "<group>";
		};
		D33715A32B95ADBB00792BE1 /* cells */ = {
			isa = PBXGroup;
			children = (
				D33715A52B95ADD300792BE1 /* SearchListCell.swift */,
				DE97566C2B96189E009EF5D6 /* SearchAudioCell.swift */,
			);
			path = cells;
			sourceTree = "<group>";
		};
		D33715A42B95ADC000792BE1 /* component */ = {
			isa = PBXGroup;
			children = (
				D33715A92B95BE7800792BE1 /* TabMenuButton.swift */,
			);
			path = component;
			sourceTree = "<group>";
		};
		DE6392AA2B9349FA00650C5E /* base */ = {
			isa = PBXGroup;
			children = (
				DE6392AB2B934A0600650C5E /* BaseView.swift */,
				DE6392B72B9378DC00650C5E /* CommonItem.swift */,
			);
			path = base;
			sourceTree = "<group>";
		};
		DE6392AD2B934A1C00650C5E /* storyboard */ = {
			isa = PBXGroup;
			children = (
				DE77D2B32B934732003147A5 /* Main.storyboard */,
			);
			path = storyboard;
			sourceTree = "<group>";
		};
		DE6392AE2B934A2B00650C5E /* views */ = {
			isa = PBXGroup;
			children = (
				D33715A42B95ADC000792BE1 /* component */,
				D33715A32B95ADBB00792BE1 /* cells */,
				DE77D2B12B934732003147A5 /* SearchView.swift */,
			);
			path = views;
			sourceTree = "<group>";
		};
		DE6392B12B9377D400650C5E /* tools */ = {
			isa = PBXGroup;
			children = (
				DE6392B52B93781E00650C5E /* TypeManager.swift */,
				DE6392B92B93793800650C5E /* ToolManager.swift */,
				D337159A2B95A7B600792BE1 /* Extensions.swift */,
			);
			path = tools;
			sourceTree = "<group>";
		};
		DE6392B22B9377DB00650C5E /* items */ = {
			isa = PBXGroup;
			children = (
				DE6392B32B93780500650C5E /* AboutHttp.swift */,
			);
			path = items;
			sourceTree = "<group>";
		};
		DE77D2A12B934732003147A5 = {
			isa = PBXGroup;
			children = (
				DE77D2AC2B934732003147A5 /* googleBooks */,
				DE77D2C32B934734003147A5 /* googleBooksTests */,
				DE77D2CD2B934734003147A5 /* googleBooksUITests */,
				DE77D2AB2B934732003147A5 /* Products */,
				E0614B2A86872B5E2F8951E9 /* Pods */,
				0E717B9083DEA542D7DC3D8F /* Frameworks */,
			);
			sourceTree = "<group>";
		};
		DE77D2AB2B934732003147A5 /* Products */ = {
			isa = PBXGroup;
			children = (
				DE77D2AA2B934732003147A5 /* googleBooks.app */,
				DE77D2C02B934734003147A5 /* googleBooksTests.xctest */,
				DE77D2CA2B934734003147A5 /* googleBooksUITests.xctest */,
			);
			name = Products;
			sourceTree = "<group>";
		};
		DE77D2AC2B934732003147A5 /* googleBooks */ = {
			isa = PBXGroup;
			children = (
				DE6392AF2B93772F00650C5E /* Documentation.docc */,
				D337158E2B95971700792BE1 /* makeUIKit */,
				DE6392B22B9377DB00650C5E /* items */,
				DE6392B12B9377D400650C5E /* tools */,
				DE6392AE2B934A2B00650C5E /* views */,
				DE6392AD2B934A1C00650C5E /* storyboard */,
				DE6392AA2B9349FA00650C5E /* base */,
				DE77D2DD2B934774003147A5 /* supportFiles */,
			);
			path = googleBooks;
			sourceTree = "<group>";
		};
		DE77D2C32B934734003147A5 /* googleBooksTests */ = {
			isa = PBXGroup;
			children = (
				DE77D2C42B934734003147A5 /* googleBooksTests.swift */,
			);
			path = googleBooksTests;
			sourceTree = "<group>";
		};
		DE77D2CD2B934734003147A5 /* googleBooksUITests */ = {
			isa = PBXGroup;
			children = (
				DE77D2CE2B934734003147A5 /* googleBooksUITests.swift */,
				DE77D2D02B934734003147A5 /* googleBooksUITestsLaunchTests.swift */,
			);
			path = googleBooksUITests;
			sourceTree = "<group>";
		};
		DE77D2DD2B934774003147A5 /* supportFiles */ = {
			isa = PBXGroup;
			children = (
				DE77D2AD2B934732003147A5 /* AppDelegate.swift */,
				DE77D2B62B934734003147A5 /* Assets.xcassets */,
				DE77D2B82B934734003147A5 /* LaunchScreen.storyboard */,
				DE77D2BB2B934734003147A5 /* Info.plist */,
			);
			path = supportFiles;
			sourceTree = "<group>";
		};
		E0614B2A86872B5E2F8951E9 /* Pods */ = {
			isa = PBXGroup;
			children = (
				086A7E78E109223A4A3463FA /* Pods-googleBooks.debug.xcconfig */,
				50E93C4A6514911353B2E691 /* Pods-googleBooks.release.xcconfig */,
				B5E1799E0F52FA8C72F04AC1 /* Pods-googleBooks-googleBooksUITests.debug.xcconfig */,
				0FA31EF5EB68B86AB57408D8 /* Pods-googleBooks-googleBooksUITests.release.xcconfig */,
				57C597CDEA239ADBC9DE50D7 /* Pods-googleBooksTests.debug.xcconfig */,
				C97624D2B52E63F30493767D /* Pods-googleBooksTests.release.xcconfig */,
			);
			path = Pods;
			sourceTree = "<group>";
		};
/* End PBXGroup section */

/* Begin PBXNativeTarget section */
		DE77D2A92B934732003147A5 /* googleBooks */ = {
			isa = PBXNativeTarget;
			buildConfigurationList = DE77D2D42B934734003147A5 /* Build configuration list for PBXNativeTarget "googleBooks" */;
			buildPhases = (
				71E2ECDCEC109F4A3196C1FA /* [CP] Check Pods Manifest.lock */,
				DE77D2A62B934732003147A5 /* Sources */,
				DE77D2A72B934732003147A5 /* Frameworks */,
				DE77D2A82B934732003147A5 /* Resources */,
				E623AEB3EBE1C8A594406A7B /* [CP] Embed Pods Frameworks */,
			);
			buildRules = (
			);
			dependencies = (
			);
			name = googleBooks;
			productName = googleBooks;
			productReference = DE77D2AA2B934732003147A5 /* googleBooks.app */;
			productType = "com.apple.product-type.application";
		};
		DE77D2BF2B934734003147A5 /* googleBooksTests */ = {
			isa = PBXNativeTarget;
			buildConfigurationList = DE77D2D72B934734003147A5 /* Build configuration list for PBXNativeTarget "googleBooksTests" */;
			buildPhases = (
				8E113321A67C8A3D6A4BFD36 /* [CP] Check Pods Manifest.lock */,
				DE77D2BC2B934734003147A5 /* Sources */,
				DE77D2BD2B934734003147A5 /* Frameworks */,
				DE77D2BE2B934734003147A5 /* Resources */,
			);
			buildRules = (
			);
			dependencies = (
				DE77D2C22B934734003147A5 /* PBXTargetDependency */,
			);
			name = googleBooksTests;
			productName = googleBooksTests;
			productReference = DE77D2C02B934734003147A5 /* googleBooksTests.xctest */;
			productType = "com.apple.product-type.bundle.unit-test";
		};
		DE77D2C92B934734003147A5 /* googleBooksUITests */ = {
			isa = PBXNativeTarget;
			buildConfigurationList = DE77D2DA2B934734003147A5 /* Build configuration list for PBXNativeTarget "googleBooksUITests" */;
			buildPhases = (
				DAF25245B6096642AEFFD1BD /* [CP] Check Pods Manifest.lock */,
				DE77D2C62B934734003147A5 /* Sources */,
				DE77D2C72B934734003147A5 /* Frameworks */,
				DE77D2C82B934734003147A5 /* Resources */,
				E735588F21A25A9F94330AC7 /* [CP] Embed Pods Frameworks */,
			);
			buildRules = (
			);
			dependencies = (
				DE77D2CC2B934734003147A5 /* PBXTargetDependency */,
			);
			name = googleBooksUITests;
			productName = googleBooksUITests;
			productReference = DE77D2CA2B934734003147A5 /* googleBooksUITests.xctest */;
			productType = "com.apple.product-type.bundle.ui-testing";
		};
/* End PBXNativeTarget section */

/* Begin PBXProject section */
		DE77D2A22B934732003147A5 /* Project object */ = {
			isa = PBXProject;
			attributes = {
				BuildIndependentTargetsInParallel = 1;
				LastSwiftUpdateCheck = 1520;
				LastUpgradeCheck = 1520;
				TargetAttributes = {
					DE77D2A92B934732003147A5 = {
						CreatedOnToolsVersion = 15.2;
					};
					DE77D2BF2B934734003147A5 = {
						CreatedOnToolsVersion = 15.2;
						TestTargetID = DE77D2A92B934732003147A5;
					};
					DE77D2C92B934734003147A5 = {
						CreatedOnToolsVersion = 15.2;
						TestTargetID = DE77D2A92B934732003147A5;
					};
				};
			};
			buildConfigurationList = DE77D2A52B934732003147A5 /* Build configuration list for PBXProject "googleBooks" */;
			compatibilityVersion = "Xcode 14.0";
			developmentRegion = en;
			hasScannedForEncodings = 0;
			knownRegions = (
				en,
				Base,
			);
			mainGroup = DE77D2A12B934732003147A5;
			productRefGroup = DE77D2AB2B934732003147A5 /* Products */;
			projectDirPath = "";
			projectRoot = "";
			targets = (
				DE77D2A92B934732003147A5 /* googleBooks */,
				DE77D2BF2B934734003147A5 /* googleBooksTests */,
				DE77D2C92B934734003147A5 /* googleBooksUITests */,
			);
		};
/* End PBXProject section */

/* Begin PBXResourcesBuildPhase section */
		DE77D2A82B934732003147A5 /* Resources */ = {
			isa = PBXResourcesBuildPhase;
			buildActionMask = 2147483647;
			files = (
				DE77D2BA2B934734003147A5 /* LaunchScreen.storyboard in Resources */,
				DE77D2B72B934734003147A5 /* Assets.xcassets in Resources */,
				DE77D2B52B934732003147A5 /* Main.storyboard in Resources */,
			);
			runOnlyForDeploymentPostprocessing = 0;
		};
		DE77D2BE2B934734003147A5 /* Resources */ = {
			isa = PBXResourcesBuildPhase;
			buildActionMask = 2147483647;
			files = (
			);
			runOnlyForDeploymentPostprocessing = 0;
		};
		DE77D2C82B934734003147A5 /* Resources */ = {
			isa = PBXResourcesBuildPhase;
			buildActionMask = 2147483647;
			files = (
			);
			runOnlyForDeploymentPostprocessing = 0;
		};
/* End PBXResourcesBuildPhase section */

/* Begin PBXShellScriptBuildPhase section */
		71E2ECDCEC109F4A3196C1FA /* [CP] Check Pods Manifest.lock */ = {
			isa = PBXShellScriptBuildPhase;
			buildActionMask = 2147483647;
			files = (
			);
			inputFileListPaths = (
			);
			inputPaths = (
				"${PODS_PODFILE_DIR_PATH}/Podfile.lock",
				"${PODS_ROOT}/Manifest.lock",
			);
			name = "[CP] Check Pods Manifest.lock";
			outputFileListPaths = (
			);
			outputPaths = (
				"$(DERIVED_FILE_DIR)/Pods-googleBooks-checkManifestLockResult.txt",
			);
			runOnlyForDeploymentPostprocessing = 0;
			shellPath = /bin/sh;
			shellScript = "diff \"${PODS_PODFILE_DIR_PATH}/Podfile.lock\" \"${PODS_ROOT}/Manifest.lock\" > /dev/null\nif [ $? != 0 ] ; then\n    # print error to STDERR\n    echo \"error: The sandbox is not in sync with the Podfile.lock. Run 'pod install' or update your CocoaPods installation.\" >&2\n    exit 1\nfi\n# This output is used by Xcode 'outputs' to avoid re-running this script phase.\necho \"SUCCESS\" > \"${SCRIPT_OUTPUT_FILE_0}\"\n";
			showEnvVarsInLog = 0;
		};
		8E113321A67C8A3D6A4BFD36 /* [CP] Check Pods Manifest.lock */ = {
			isa = PBXShellScriptBuildPhase;
			buildActionMask = 2147483647;
			files = (
			);
			inputFileListPaths = (
			);
			inputPaths = (
				"${PODS_PODFILE_DIR_PATH}/Podfile.lock",
				"${PODS_ROOT}/Manifest.lock",
			);
			name = "[CP] Check Pods Manifest.lock";
			outputFileListPaths = (
			);
			outputPaths = (
				"$(DERIVED_FILE_DIR)/Pods-googleBooksTests-checkManifestLockResult.txt",
			);
			runOnlyForDeploymentPostprocessing = 0;
			shellPath = /bin/sh;
			shellScript = "diff \"${PODS_PODFILE_DIR_PATH}/Podfile.lock\" \"${PODS_ROOT}/Manifest.lock\" > /dev/null\nif [ $? != 0 ] ; then\n    # print error to STDERR\n    echo \"error: The sandbox is not in sync with the Podfile.lock. Run 'pod install' or update your CocoaPods installation.\" >&2\n    exit 1\nfi\n# This output is used by Xcode 'outputs' to avoid re-running this script phase.\necho \"SUCCESS\" > \"${SCRIPT_OUTPUT_FILE_0}\"\n";
			showEnvVarsInLog = 0;
		};
		DAF25245B6096642AEFFD1BD /* [CP] Check Pods Manifest.lock */ = {
			isa = PBXShellScriptBuildPhase;
			buildActionMask = 2147483647;
			files = (
			);
			inputFileListPaths = (
			);
			inputPaths = (
				"${PODS_PODFILE_DIR_PATH}/Podfile.lock",
				"${PODS_ROOT}/Manifest.lock",
			);
			name = "[CP] Check Pods Manifest.lock";
			outputFileListPaths = (
			);
			outputPaths = (
				"$(DERIVED_FILE_DIR)/Pods-googleBooks-googleBooksUITests-checkManifestLockResult.txt",
			);
			runOnlyForDeploymentPostprocessing = 0;
			shellPath = /bin/sh;
			shellScript = "diff \"${PODS_PODFILE_DIR_PATH}/Podfile.lock\" \"${PODS_ROOT}/Manifest.lock\" > /dev/null\nif [ $? != 0 ] ; then\n    # print error to STDERR\n    echo \"error: The sandbox is not in sync with the Podfile.lock. Run 'pod install' or update your CocoaPods installation.\" >&2\n    exit 1\nfi\n# This output is used by Xcode 'outputs' to avoid re-running this script phase.\necho \"SUCCESS\" > \"${SCRIPT_OUTPUT_FILE_0}\"\n";
			showEnvVarsInLog = 0;
		};
		E623AEB3EBE1C8A594406A7B /* [CP] Embed Pods Frameworks */ = {
			isa = PBXShellScriptBuildPhase;
			buildActionMask = 2147483647;
			files = (
			);
			inputFileListPaths = (
				"${PODS_ROOT}/Target Support Files/Pods-googleBooks/Pods-googleBooks-frameworks-${CONFIGURATION}-input-files.xcfilelist",
			);
			name = "[CP] Embed Pods Frameworks";
			outputFileListPaths = (
				"${PODS_ROOT}/Target Support Files/Pods-googleBooks/Pods-googleBooks-frameworks-${CONFIGURATION}-output-files.xcfilelist",
			);
			runOnlyForDeploymentPostprocessing = 0;
			shellPath = /bin/sh;
			shellScript = "\"${PODS_ROOT}/Target Support Files/Pods-googleBooks/Pods-googleBooks-frameworks.sh\"\n";
			showEnvVarsInLog = 0;
		};
		E735588F21A25A9F94330AC7 /* [CP] Embed Pods Frameworks */ = {
			isa = PBXShellScriptBuildPhase;
			buildActionMask = 2147483647;
			files = (
			);
			inputFileListPaths = (
				"${PODS_ROOT}/Target Support Files/Pods-googleBooks-googleBooksUITests/Pods-googleBooks-googleBooksUITests-frameworks-${CONFIGURATION}-input-files.xcfilelist",
			);
			name = "[CP] Embed Pods Frameworks";
			outputFileListPaths = (
				"${PODS_ROOT}/Target Support Files/Pods-googleBooks-googleBooksUITests/Pods-googleBooks-googleBooksUITests-frameworks-${CONFIGURATION}-output-files.xcfilelist",
			);
			runOnlyForDeploymentPostprocessing = 0;
			shellPath = /bin/sh;
			shellScript = "\"${PODS_ROOT}/Target Support Files/Pods-googleBooks-googleBooksUITests/Pods-googleBooks-googleBooksUITests-frameworks.sh\"\n";
			showEnvVarsInLog = 0;
		};
/* End PBXShellScriptBuildPhase section */

/* Begin PBXSourcesBuildPhase section */
		DE77D2A62B934732003147A5 /* Sources */ = {
			isa = PBXSourcesBuildPhase;
			buildActionMask = 2147483647;
			files = (
				D33715992B95A79000792BE1 /* MakeUITextViewKit.swift in Sources */,
				D33715922B95978500792BE1 /* SafeLayoutManager.swift in Sources */,
				DE6392AC2B934A0600650C5E /* BaseView.swift in Sources */,
				DE77D2B22B934732003147A5 /* SearchView.swift in Sources */,
				D33715A62B95ADD300792BE1 /* SearchListCell.swift in Sources */,
				D33715AA2B95BE7800792BE1 /* TabMenuButton.swift in Sources */,
				DE77D2AE2B934732003147A5 /* AppDelegate.swift in Sources */,
				DE6392B42B93780500650C5E /* AboutHttp.swift in Sources */,
				DE6392B82B9378DC00650C5E /* CommonItem.swift in Sources */,
				D33715902B95976D00792BE1 /* AutoLayoutKit.swift in Sources */,
				D33715972B95A77700792BE1 /* MakeUILabelKit.swift in Sources */,
				DE6392BA2B93793800650C5E /* ToolManager.swift in Sources */,
				D33715A82B95BA7900792BE1 /* MakeUIImageViewKit.swift in Sources */,
				D33715A22B95AD2B00792BE1 /* MakeUITableViewKit.swift in Sources */,
				D337159D2B95A80B00792BE1 /* MakeUIButtonKit.swift in Sources */,
				DE6392B02B93772F00650C5E /* Documentation.docc in Sources */,
				DE97566D2B96189E009EF5D6 /* SearchAudioCell.swift in Sources */,
				DE6392B62B93781E00650C5E /* TypeManager.swift in Sources */,
				D33715952B95A76200792BE1 /* MakeUIViewKit.swift in Sources */,
				D337159B2B95A7B600792BE1 /* Extensions.swift in Sources */,
			);
			runOnlyForDeploymentPostprocessing = 0;
		};
		DE77D2BC2B934734003147A5 /* Sources */ = {
			isa = PBXSourcesBuildPhase;
			buildActionMask = 2147483647;
			files = (
				DE77D2C52B934734003147A5 /* googleBooksTests.swift in Sources */,
			);
			runOnlyForDeploymentPostprocessing = 0;
		};
		DE77D2C62B934734003147A5 /* Sources */ = {
			isa = PBXSourcesBuildPhase;
			buildActionMask = 2147483647;
			files = (
				DE77D2D12B934734003147A5 /* googleBooksUITestsLaunchTests.swift in Sources */,
				DE77D2CF2B934734003147A5 /* googleBooksUITests.swift in Sources */,
			);
			runOnlyForDeploymentPostprocessing = 0;
		};
/* End PBXSourcesBuildPhase section */

/* Begin PBXTargetDependency section */
		DE77D2C22B934734003147A5 /* PBXTargetDependency */ = {
			isa = PBXTargetDependency;
			target = DE77D2A92B934732003147A5 /* googleBooks */;
			targetProxy = DE77D2C12B934734003147A5 /* PBXContainerItemProxy */;
		};
		DE77D2CC2B934734003147A5 /* PBXTargetDependency */ = {
			isa = PBXTargetDependency;
			target = DE77D2A92B934732003147A5 /* googleBooks */;
			targetProxy = DE77D2CB2B934734003147A5 /* PBXContainerItemProxy */;
		};
/* End PBXTargetDependency section */

/* Begin PBXVariantGroup section */
		DE77D2B32B934732003147A5 /* Main.storyboard */ = {
			isa = PBXVariantGroup;
			children = (
				DE77D2B42B934732003147A5 /* Base */,
			);
			name = Main.storyboard;
			sourceTree = "<group>";
		};
		DE77D2B82B934734003147A5 /* LaunchScreen.storyboard */ = {
			isa = PBXVariantGroup;
			children = (
				DE77D2B92B934734003147A5 /* Base */,
			);
			name = LaunchScreen.storyboard;
			sourceTree = "<group>";
		};
/* End PBXVariantGroup section */

/* Begin XCBuildConfiguration section */
		DE77D2D22B934734003147A5 /* Debug */ = {
			isa = XCBuildConfiguration;
			buildSettings = {
				ALWAYS_SEARCH_USER_PATHS = NO;
				ASSETCATALOG_COMPILER_GENERATE_SWIFT_ASSET_SYMBOL_EXTENSIONS = YES;
				CLANG_ANALYZER_NONNULL = YES;
				CLANG_ANALYZER_NUMBER_OBJECT_CONVERSION = YES_AGGRESSIVE;
				CLANG_CXX_LANGUAGE_STANDARD = "gnu++20";
				CLANG_ENABLE_MODULES = YES;
				CLANG_ENABLE_OBJC_ARC = YES;
				CLANG_ENABLE_OBJC_WEAK = YES;
				CLANG_WARN_BLOCK_CAPTURE_AUTORELEASING = YES;
				CLANG_WARN_BOOL_CONVERSION = YES;
				CLANG_WARN_COMMA = YES;
				CLANG_WARN_CONSTANT_CONVERSION = YES;
				CLANG_WARN_DEPRECATED_OBJC_IMPLEMENTATIONS = YES;
				CLANG_WARN_DIRECT_OBJC_ISA_USAGE = YES_ERROR;
				CLANG_WARN_DOCUMENTATION_COMMENTS = YES;
				CLANG_WARN_EMPTY_BODY = YES;
				CLANG_WARN_ENUM_CONVERSION = YES;
				CLANG_WARN_INFINITE_RECURSION = YES;
				CLANG_WARN_INT_CONVERSION = YES;
				CLANG_WARN_NON_LITERAL_NULL_CONVERSION = YES;
				CLANG_WARN_OBJC_IMPLICIT_RETAIN_SELF = YES;
				CLANG_WARN_OBJC_LITERAL_CONVERSION = YES;
				CLANG_WARN_OBJC_ROOT_CLASS = YES_ERROR;
				CLANG_WARN_QUOTED_INCLUDE_IN_FRAMEWORK_HEADER = YES;
				CLANG_WARN_RANGE_LOOP_ANALYSIS = YES;
				CLANG_WARN_STRICT_PROTOTYPES = YES;
				CLANG_WARN_SUSPICIOUS_MOVE = YES;
				CLANG_WARN_UNGUARDED_AVAILABILITY = YES_AGGRESSIVE;
				CLANG_WARN_UNREACHABLE_CODE = YES;
				CLANG_WARN__DUPLICATE_METHOD_MATCH = YES;
				COPY_PHASE_STRIP = NO;
				DEBUG_INFORMATION_FORMAT = dwarf;
				ENABLE_STRICT_OBJC_MSGSEND = YES;
				ENABLE_TESTABILITY = YES;
				ENABLE_USER_SCRIPT_SANDBOXING = YES;
				GCC_C_LANGUAGE_STANDARD = gnu17;
				GCC_DYNAMIC_NO_PIC = NO;
				GCC_NO_COMMON_BLOCKS = YES;
				GCC_OPTIMIZATION_LEVEL = 0;
				GCC_PREPROCESSOR_DEFINITIONS = (
					"DEBUG=1",
					"$(inherited)",
				);
				GCC_WARN_64_TO_32_BIT_CONVERSION = YES;
				GCC_WARN_ABOUT_RETURN_TYPE = YES_ERROR;
				GCC_WARN_UNDECLARED_SELECTOR = YES;
				GCC_WARN_UNINITIALIZED_AUTOS = YES_AGGRESSIVE;
				GCC_WARN_UNUSED_FUNCTION = YES;
				GCC_WARN_UNUSED_VARIABLE = YES;
				IPHONEOS_DEPLOYMENT_TARGET = 17.2;
				LOCALIZATION_PREFERS_STRING_CATALOGS = YES;
				MTL_ENABLE_DEBUG_INFO = INCLUDE_SOURCE;
				MTL_FAST_MATH = YES;
				ONLY_ACTIVE_ARCH = YES;
				SDKROOT = iphoneos;
				SWIFT_ACTIVE_COMPILATION_CONDITIONS = "DEBUG $(inherited)";
				SWIFT_OPTIMIZATION_LEVEL = "-Onone";
			};
			name = Debug;
		};
		DE77D2D32B934734003147A5 /* Release */ = {
			isa = XCBuildConfiguration;
			buildSettings = {
				ALWAYS_SEARCH_USER_PATHS = NO;
				ASSETCATALOG_COMPILER_GENERATE_SWIFT_ASSET_SYMBOL_EXTENSIONS = YES;
				CLANG_ANALYZER_NONNULL = YES;
				CLANG_ANALYZER_NUMBER_OBJECT_CONVERSION = YES_AGGRESSIVE;
				CLANG_CXX_LANGUAGE_STANDARD = "gnu++20";
				CLANG_ENABLE_MODULES = YES;
				CLANG_ENABLE_OBJC_ARC = YES;
				CLANG_ENABLE_OBJC_WEAK = YES;
				CLANG_WARN_BLOCK_CAPTURE_AUTORELEASING = YES;
				CLANG_WARN_BOOL_CONVERSION = YES;
				CLANG_WARN_COMMA = YES;
				CLANG_WARN_CONSTANT_CONVERSION = YES;
				CLANG_WARN_DEPRECATED_OBJC_IMPLEMENTATIONS = YES;
				CLANG_WARN_DIRECT_OBJC_ISA_USAGE = YES_ERROR;
				CLANG_WARN_DOCUMENTATION_COMMENTS = YES;
				CLANG_WARN_EMPTY_BODY = YES;
				CLANG_WARN_ENUM_CONVERSION = YES;
				CLANG_WARN_INFINITE_RECURSION = YES;
				CLANG_WARN_INT_CONVERSION = YES;
				CLANG_WARN_NON_LITERAL_NULL_CONVERSION = YES;
				CLANG_WARN_OBJC_IMPLICIT_RETAIN_SELF = YES;
				CLANG_WARN_OBJC_LITERAL_CONVERSION = YES;
				CLANG_WARN_OBJC_ROOT_CLASS = YES_ERROR;
				CLANG_WARN_QUOTED_INCLUDE_IN_FRAMEWORK_HEADER = YES;
				CLANG_WARN_RANGE_LOOP_ANALYSIS = YES;
				CLANG_WARN_STRICT_PROTOTYPES = YES;
				CLANG_WARN_SUSPICIOUS_MOVE = YES;
				CLANG_WARN_UNGUARDED_AVAILABILITY = YES_AGGRESSIVE;
				CLANG_WARN_UNREACHABLE_CODE = YES;
				CLANG_WARN__DUPLICATE_METHOD_MATCH = YES;
				COPY_PHASE_STRIP = NO;
				DEBUG_INFORMATION_FORMAT = "dwarf-with-dsym";
				ENABLE_NS_ASSERTIONS = NO;
				ENABLE_STRICT_OBJC_MSGSEND = YES;
				ENABLE_USER_SCRIPT_SANDBOXING = YES;
				GCC_C_LANGUAGE_STANDARD = gnu17;
				GCC_NO_COMMON_BLOCKS = YES;
				GCC_WARN_64_TO_32_BIT_CONVERSION = YES;
				GCC_WARN_ABOUT_RETURN_TYPE = YES_ERROR;
				GCC_WARN_UNDECLARED_SELECTOR = YES;
				GCC_WARN_UNINITIALIZED_AUTOS = YES_AGGRESSIVE;
				GCC_WARN_UNUSED_FUNCTION = YES;
				GCC_WARN_UNUSED_VARIABLE = YES;
				IPHONEOS_DEPLOYMENT_TARGET = 17.2;
				LOCALIZATION_PREFERS_STRING_CATALOGS = YES;
				MTL_ENABLE_DEBUG_INFO = NO;
				MTL_FAST_MATH = YES;
				SDKROOT = iphoneos;
				SWIFT_COMPILATION_MODE = wholemodule;
				VALIDATE_PRODUCT = YES;
			};
			name = Release;
		};
		DE77D2D52B934734003147A5 /* Debug */ = {
			isa = XCBuildConfiguration;
			baseConfigurationReference = 086A7E78E109223A4A3463FA /* Pods-googleBooks.debug.xcconfig */;
			buildSettings = {
				ASSETCATALOG_COMPILER_APPICON_NAME = AppIcon;
				ASSETCATALOG_COMPILER_GLOBAL_ACCENT_COLOR_NAME = AccentColor;
				CODE_SIGN_STYLE = Automatic;
				CURRENT_PROJECT_VERSION = 1;
				DEVELOPMENT_TEAM = SEFJ4VR6PY;
				ENABLE_USER_SCRIPT_SANDBOXING = NO;
				GENERATE_INFOPLIST_FILE = YES;
				INFOPLIST_FILE = googleBooks/SupportFiles/Info.plist;
				INFOPLIST_KEY_LSApplicationCategoryType = "public.app-category.lifestyle";
				INFOPLIST_KEY_UIApplicationSupportsIndirectInputEvents = YES;
				INFOPLIST_KEY_UILaunchStoryboardName = LaunchScreen;
				INFOPLIST_KEY_UIMainStoryboardFile = Main;
				INFOPLIST_KEY_UISupportedInterfaceOrientations = "UIInterfaceOrientationPortrait UIInterfaceOrientationPortraitUpsideDown";
				INFOPLIST_KEY_UISupportedInterfaceOrientations_iPad = "UIInterfaceOrientationLandscapeLeft UIInterfaceOrientationLandscapeRight UIInterfaceOrientationPortrait UIInterfaceOrientationPortraitUpsideDown";
				IPHONEOS_DEPLOYMENT_TARGET = 15.0;
				LD_RUNPATH_SEARCH_PATHS = (
					"$(inherited)",
					"@executable_path/Frameworks",
				);
				MARKETING_VERSION = 1.0.0;
				PRODUCT_BUNDLE_IDENTIFIER = com.devhouse.googleBooks;
				PRODUCT_NAME = "$(TARGET_NAME)";
				SUPPORTED_PLATFORMS = "iphoneos iphonesimulator";
				SUPPORTS_MACCATALYST = NO;
				SUPPORTS_MAC_DESIGNED_FOR_IPHONE_IPAD = NO;
				SUPPORTS_XR_DESIGNED_FOR_IPHONE_IPAD = NO;
				SWIFT_EMIT_LOC_STRINGS = YES;
				SWIFT_VERSION = 5.0;
				TARGETED_DEVICE_FAMILY = 1;
			};
			name = Debug;
		};
		DE77D2D62B934734003147A5 /* Release */ = {
			isa = XCBuildConfiguration;
			baseConfigurationReference = 50E93C4A6514911353B2E691 /* Pods-googleBooks.release.xcconfig */;
			buildSettings = {
				ASSETCATALOG_COMPILER_APPICON_NAME = AppIcon;
				ASSETCATALOG_COMPILER_GLOBAL_ACCENT_COLOR_NAME = AccentColor;
				CODE_SIGN_STYLE = Automatic;
				CURRENT_PROJECT_VERSION = 1;
				DEVELOPMENT_TEAM = SEFJ4VR6PY;
				ENABLE_USER_SCRIPT_SANDBOXING = NO;
				GENERATE_INFOPLIST_FILE = YES;
				INFOPLIST_FILE = googleBooks/SupportFiles/Info.plist;
				INFOPLIST_KEY_LSApplicationCategoryType = "public.app-category.lifestyle";
				INFOPLIST_KEY_UIApplicationSupportsIndirectInputEvents = YES;
				INFOPLIST_KEY_UILaunchStoryboardName = LaunchScreen;
				INFOPLIST_KEY_UIMainStoryboardFile = Main;
				INFOPLIST_KEY_UISupportedInterfaceOrientations = "UIInterfaceOrientationPortrait UIInterfaceOrientationPortraitUpsideDown";
				INFOPLIST_KEY_UISupportedInterfaceOrientations_iPad = "UIInterfaceOrientationLandscapeLeft UIInterfaceOrientationLandscapeRight UIInterfaceOrientationPortrait UIInterfaceOrientationPortraitUpsideDown";
				IPHONEOS_DEPLOYMENT_TARGET = 15.0;
				LD_RUNPATH_SEARCH_PATHS = (
					"$(inherited)",
					"@executable_path/Frameworks",
				);
				MARKETING_VERSION = 1.0.0;
				PRODUCT_BUNDLE_IDENTIFIER = com.devhouse.googleBooks;
				PRODUCT_NAME = "$(TARGET_NAME)";
				SUPPORTED_PLATFORMS = "iphoneos iphonesimulator";
				SUPPORTS_MACCATALYST = NO;
				SUPPORTS_MAC_DESIGNED_FOR_IPHONE_IPAD = NO;
				SUPPORTS_XR_DESIGNED_FOR_IPHONE_IPAD = NO;
				SWIFT_EMIT_LOC_STRINGS = YES;
				SWIFT_VERSION = 5.0;
				TARGETED_DEVICE_FAMILY = 1;
			};
			name = Release;
		};
		DE77D2D82B934734003147A5 /* Debug */ = {
			isa = XCBuildConfiguration;
			baseConfigurationReference = 57C597CDEA239ADBC9DE50D7 /* Pods-googleBooksTests.debug.xcconfig */;
			buildSettings = {
				ALWAYS_EMBED_SWIFT_STANDARD_LIBRARIES = YES;
				BUNDLE_LOADER = "$(TEST_HOST)";
				CODE_SIGN_STYLE = Automatic;
				CURRENT_PROJECT_VERSION = 1;
				DEVELOPMENT_TEAM = SEFJ4VR6PY;
				GENERATE_INFOPLIST_FILE = YES;
				IPHONEOS_DEPLOYMENT_TARGET = 17.2;
				MARKETING_VERSION = 1.0;
				PRODUCT_BUNDLE_IDENTIFIER = com.devhouse.googleBooksTests;
				PRODUCT_NAME = "$(TARGET_NAME)";
				SWIFT_EMIT_LOC_STRINGS = NO;
				SWIFT_VERSION = 5.0;
				TARGETED_DEVICE_FAMILY = "1,2";
				TEST_HOST = "$(BUILT_PRODUCTS_DIR)/googleBooks.app/$(BUNDLE_EXECUTABLE_FOLDER_PATH)/googleBooks";
			};
			name = Debug;
		};
		DE77D2D92B934734003147A5 /* Release */ = {
			isa = XCBuildConfiguration;
			baseConfigurationReference = C97624D2B52E63F30493767D /* Pods-googleBooksTests.release.xcconfig */;
			buildSettings = {
				ALWAYS_EMBED_SWIFT_STANDARD_LIBRARIES = YES;
				BUNDLE_LOADER = "$(TEST_HOST)";
				CODE_SIGN_STYLE = Automatic;
				CURRENT_PROJECT_VERSION = 1;
				DEVELOPMENT_TEAM = SEFJ4VR6PY;
				GENERATE_INFOPLIST_FILE = YES;
				IPHONEOS_DEPLOYMENT_TARGET = 17.2;
				MARKETING_VERSION = 1.0;
				PRODUCT_BUNDLE_IDENTIFIER = com.devhouse.googleBooksTests;
				PRODUCT_NAME = "$(TARGET_NAME)";
				SWIFT_EMIT_LOC_STRINGS = NO;
				SWIFT_VERSION = 5.0;
				TARGETED_DEVICE_FAMILY = "1,2";
				TEST_HOST = "$(BUILT_PRODUCTS_DIR)/googleBooks.app/$(BUNDLE_EXECUTABLE_FOLDER_PATH)/googleBooks";
			};
			name = Release;
		};
		DE77D2DB2B934734003147A5 /* Debug */ = {
			isa = XCBuildConfiguration;
			baseConfigurationReference = B5E1799E0F52FA8C72F04AC1 /* Pods-googleBooks-googleBooksUITests.debug.xcconfig */;
			buildSettings = {
				ALWAYS_EMBED_SWIFT_STANDARD_LIBRARIES = YES;
				CODE_SIGN_STYLE = Automatic;
				CURRENT_PROJECT_VERSION = 1;
				DEVELOPMENT_TEAM = SEFJ4VR6PY;
				GENERATE_INFOPLIST_FILE = YES;
				MARKETING_VERSION = 1.0;
				PRODUCT_BUNDLE_IDENTIFIER = com.devhouse.googleBooksUITests;
				PRODUCT_NAME = "$(TARGET_NAME)";
				SWIFT_EMIT_LOC_STRINGS = NO;
				SWIFT_VERSION = 5.0;
				TARGETED_DEVICE_FAMILY = "1,2";
				TEST_TARGET_NAME = googleBooks;
			};
			name = Debug;
		};
		DE77D2DC2B934734003147A5 /* Release */ = {
			isa = XCBuildConfiguration;
			baseConfigurationReference = 0FA31EF5EB68B86AB57408D8 /* Pods-googleBooks-googleBooksUITests.release.xcconfig */;
			buildSettings = {
				ALWAYS_EMBED_SWIFT_STANDARD_LIBRARIES = YES;
				CODE_SIGN_STYLE = Automatic;
				CURRENT_PROJECT_VERSION = 1;
				DEVELOPMENT_TEAM = SEFJ4VR6PY;
				GENERATE_INFOPLIST_FILE = YES;
				MARKETING_VERSION = 1.0;
				PRODUCT_BUNDLE_IDENTIFIER = com.devhouse.googleBooksUITests;
				PRODUCT_NAME = "$(TARGET_NAME)";
				SWIFT_EMIT_LOC_STRINGS = NO;
				SWIFT_VERSION = 5.0;
				TARGETED_DEVICE_FAMILY = "1,2";
				TEST_TARGET_NAME = googleBooks;
			};
			name = Release;
		};
/* End XCBuildConfiguration section */

/* Begin XCConfigurationList section */
		DE77D2A52B934732003147A5 /* Build configuration list for PBXProject "googleBooks" */ = {
			isa = XCConfigurationList;
			buildConfigurations = (
				DE77D2D22B934734003147A5 /* Debug */,
				DE77D2D32B934734003147A5 /* Release */,
			);
			defaultConfigurationIsVisible = 0;
			defaultConfigurationName = Release;
		};
		DE77D2D42B934734003147A5 /* Build configuration list for PBXNativeTarget "googleBooks" */ = {
			isa = XCConfigurationList;
			buildConfigurations = (
				DE77D2D52B934734003147A5 /* Debug */,
				DE77D2D62B934734003147A5 /* Release */,
			);
			defaultConfigurationIsVisible = 0;
			defaultConfigurationName = Release;
		};
		DE77D2D72B934734003147A5 /* Build configuration list for PBXNativeTarget "googleBooksTests" */ = {
			isa = XCConfigurationList;
			buildConfigurations = (
				DE77D2D82B934734003147A5 /* Debug */,
				DE77D2D92B934734003147A5 /* Release */,
			);
			defaultConfigurationIsVisible = 0;
			defaultConfigurationName = Release;
		};
		DE77D2DA2B934734003147A5 /* Build configuration list for PBXNativeTarget "googleBooksUITests" */ = {
			isa = XCConfigurationList;
			buildConfigurations = (
				DE77D2DB2B934734003147A5 /* Debug */,
				DE77D2DC2B934734003147A5 /* Release */,
			);
			defaultConfigurationIsVisible = 0;
			defaultConfigurationName = Release;
		};
/* End XCConfigurationList section */
	};
	rootObject = DE77D2A22B934732003147A5 /* Project object */;
}
